
Microsoft Visual Studio Solution File, Format Version 12.00
# Visual Studio Version 17
VisualStudioVersion = 17.1.32228.430
MinimumVisualStudioVersion = 10.0.40219.1
Project("{9A19103F-16F7-4668-BE54-9A1E7A4F7556}") = "KitchenStock", "KitchenStock\KitchenStock.csproj", "{647C69AE-5ADD-4E94-8D73-7DE58D9469B9}"
EndProject
Project("{9A19103F-16F7-4668-BE54-9A1E7A4F7556}") = "KitchenStock.API", "KitcheStock.API\KitchenStock.API.csproj", "{A17FE699-363C-405E-B316-6FA95B3D249B}"
EndProject
Project("{9A19103F-16F7-4668-BE54-9A1E7A4F7556}") = "KitchenStock.Shared", "KitchenStock.Shared\KitchenStock.Shared.csproj", "{93C0D7D2-4E90-4DFB-BAC6-257875C1A867}"
EndProject
Global
	GlobalSection(SolutionConfigurationPlatforms) = preSolution
		Debug|Any CPU = Debug|Any CPU
		Release|Any CPU = Release|Any CPU
	EndGlobalSection
	GlobalSection(ProjectConfigurationPlatforms) = postSolution
		{647C69AE-5ADD-4E94-8D73-7DE58D9469B9}.Debug|Any CPU.ActiveCfg = Debug|Any CPU
		{647C69AE-5ADD-4E94-8D73-7DE58D9469B9}.Debug|Any CPU.Build.0 = Debug|Any CPU
		{647C69AE-5ADD-4E94-8D73-7DE58D9469B9}.Release|Any CPU.ActiveCfg = Release|Any CPU
		{647C69AE-5ADD-4E94-8D73-7DE58D9469B9}.Release|Any CPU.Build.0 = Release|Any CPU
		{A17FE699-363C-405E-B316-6FA95B3D249B}.Debug|Any CPU.ActiveCfg = Debug|Any CPU
		{A17FE699-363C-405E-B316-6FA95B3D249B}.Debug|Any CPU.Build.0 = Debug|Any CPU
		{A17FE699-363C-405E-B316-6FA95B3D249B}.Release|Any CPU.ActiveCfg = Release|Any CPU
		{A17FE699-363C-405E-B316-6FA95B3D249B}.Release|Any CPU.Build.0 = Release|Any CPU
		{93C0D7D2-4E90-4DFB-BAC6-257875C1A867}.Debug|Any CPU.ActiveCfg = Debug|Any CPU
		{93C0D7D2-4E90-4DFB-BAC6-257875C1A867}.Debug|Any CPU.Build.0 = Debug|Any CPU
		{93C0D7D2-4E90-4DFB-BAC6-257875C1A867}.Release|Any CPU.ActiveCfg = Release|Any CPU
		{93C0D7D2-4E90-4DFB-BAC6-257875C1A867}.Release|Any CPU.Build.0 = Release|Any CPU
	EndGlobalSection
	GlobalSection(SolutionProperties) = preSolution
		HideSolutionNode = FALSE
	EndGlobalSection
	GlobalSection(ExtensibilityGlobals) = postSolution
		SolutionGuid = {C7988061-345D-4ED5-870D-600D06E30AF8}
	EndGlobalSection
EndGlobal
